// !$*UTF8*$!
{
	archiveVersion = 1;
	classes = {
	};
	objectVersion = 77;
	objects = {

/* Begin PBXBuildFile section */
		820501B62EEA321D004A19A3 /* Auth in Frameworks */ = {isa = PBXBuildFile; productRef = 820501B52EEA321D004A19A3 /* Auth */; };
		820501B82EEA321D004A19A3 /* Functions in Frameworks */ = {isa = PBXBuildFile; productRef = 820501B72EEA321D004A19A3 /* Functions */; };
		820501BA2EEA321D004A19A3 /* PostgREST in Frameworks */ = {isa = PBXBuildFile; productRef = 820501B92EEA321D004A19A3 /* PostgREST */; };
		820501BC2EEA321D004A19A3 /* Realtime in Frameworks */ = {isa = PBXBuildFile; productRef = 820501BB2EEA321D004A19A3 /* Realtime */; };
		820501BE2EEA321D004A19A3 /* Storage in Frameworks */ = {isa = PBXBuildFile; productRef = 820501BD2EEA321D004A19A3 /* Storage */; };
		820501C02EEA321D004A19A3 /* Supabase in Frameworks */ = {isa = PBXBuildFile; productRef = 820501BF2EEA321D004A19A3 /* Supabase */; };
		823DB5B12EF807B2007D8784 /* RevenueCat in Frameworks */ = {isa = PBXBuildFile; productRef = 823DB5B02EF807B2007D8784 /* RevenueCat */; };
/* End PBXBuildFile section */

/* Begin PBXContainerItemProxy section */
		8233E5922EE2515400E8DB19 /* PBXContainerItemProxy */ = {
			isa = PBXContainerItemProxy;
			containerPortal = 8233E57C2EE2514E00E8DB19 /* Project object */;
			proxyType = 1;
			remoteGlobalIDString = 8233E5832EE2514E00E8DB19;
			remoteInfo = Veloce;
		};
		8233E59C2EE2515400E8DB19 /* PBXContainerItemProxy */ = {
			isa = PBXContainerItemProxy;
			containerPortal = 8233E57C2EE2514E00E8DB19 /* Project object */;
			proxyType = 1;
			remoteGlobalIDString = 8233E5832EE2514E00E8DB19;
			remoteInfo = Veloce;
		};
/* End PBXContainerItemProxy section */

/* Begin PBXFileReference section */
		8233E5842EE2514E00E8DB19 /* Veloce.app */ = {isa = PBXFileReference; explicitFileType = wrapper.application; includeInIndex = 0; path = Veloce.app; sourceTree = BUILT_PRODUCTS_DIR; };
		8233E5912EE2515400E8DB19 /* VeloceTests.xctest */ = {isa = PBXFileReference; explicitFileType = wrapper.cfbundle; includeInIndex = 0; path = VeloceTests.xctest; sourceTree = BUILT_PRODUCTS_DIR; };
		8233E59B2EE2515400E8DB19 /* VeloceUITests.xctest */ = {isa = PBXFileReference; explicitFileType = wrapper.cfbundle; includeInIndex = 0; path = VeloceUITests.xctest; sourceTree = BUILT_PRODUCTS_DIR; };
/* End PBXFileReference section */

/* Begin PBXFileSystemSynchronizedRootGroup section */
		8233E5862EE2514E00E8DB19 /* Veloce */ = {
			isa = PBXFileSystemSynchronizedRootGroup;
			path = Veloce;
			sourceTree = "<group>";
		};
		8233E5942EE2515400E8DB19 /* VeloceTests */ = {
			isa = PBXFileSystemSynchronizedRootGroup;
			path = VeloceTests;
			sourceTree = "<group>";
		};
		8233E59E2EE2515400E8DB19 /* VeloceUITests */ = {
			isa = PBXFileSystemSynchronizedRootGroup;
			path = VeloceUITests;
			sourceTree = "<group>";
		};
/* End PBXFileSystemSynchronizedRootGroup section */

/* Begin PBXFrameworksBuildPhase section */
		8233E5812EE2514E00E8DB19 /* Frameworks */ = {
			isa = PBXFrameworksBuildPhase;
			buildActionMask = 2147483647;
			files = (
				820501BA2EEA321D004A19A3 /* PostgREST in Frameworks */,
				820501B82EEA321D004A19A3 /* Functions in Frameworks */,
				823DB5B12EF807B2007D8784 /* RevenueCat in Frameworks */,
				820501C02EEA321D004A19A3 /* Supabase in Frameworks */,
				820501B62EEA321D004A19A3 /* Auth in Frameworks */,
				820501BE2EEA321D004A19A3 /* Storage in Frameworks */,
				820501BC2EEA321D004A19A3 /* Realtime in Frameworks */,
			);
			runOnlyForDeploymentPostprocessing = 0;
		};
		8233E58E2EE2515400E8DB19 /* Frameworks */ = {
			isa = PBXFrameworksBuildPhase;
			buildActionMask = 2147483647;
			files = (
			);
			runOnlyForDeploymentPostprocessing = 0;
		};
		8233E5982EE2515400E8DB19 /* Frameworks */ = {
			isa = PBXFrameworksBuildPhase;
			buildActionMask = 2147483647;
			files = (
			);
			runOnlyForDeploymentPostprocessing = 0;
		};
/* End PBXFrameworksBuildPhase section */

/* Begin PBXGroup section */
		8233E57B2EE2514E00E8DB19 = {
			isa = PBXGroup;
			children = (
				8233E5862EE2514E00E8DB19 /* Veloce */,
				8233E5942EE2515400E8DB19 /* VeloceTests */,
				8233E59E2EE2515400E8DB19 /* VeloceUITests */,
				8233E5852EE2514E00E8DB19 /* Products */,
			);
			sourceTree = "<group>";
		};
		8233E5852EE2514E00E8DB19 /* Products */ = {
			isa = PBXGroup;
			children = (
				8233E5842EE2514E00E8DB19 /* Veloce.app */,
				8233E5912EE2515400E8DB19 /* VeloceTests.xctest */,
				8233E59B2EE2515400E8DB19 /* VeloceUITests.xctest */,
			);
			name = Products;
			sourceTree = "<group>";
		};
/* End PBXGroup section */

/* Begin PBXNativeTarget section */
		8233E5832EE2514E00E8DB19 /* Veloce */ = {
			isa = PBXNativeTarget;
			buildConfigurationList = 8233E5A52EE2515400E8DB19 /* Build configuration list for PBXNativeTarget "Veloce" */;
			buildPhases = (
				8233E5802EE2514E00E8DB19 /* Sources */,
				8233E5812EE2514E00E8DB19 /* Frameworks */,
				8233E5822EE2514E00E8DB19 /* Resources */,
			);
			buildRules = (
			);
			dependencies = (
			);
			fileSystemSynchronizedGroups = (
				8233E5862EE2514E00E8DB19 /* Veloce */,
			);
			name = Veloce;
			packageProductDependencies = (
				820501B52EEA321D004A19A3 /* Auth */,
				820501B72EEA321D004A19A3 /* Functions */,
				820501B92EEA321D004A19A3 /* PostgREST */,
				820501BB2EEA321D004A19A3 /* Realtime */,
				820501BD2EEA321D004A19A3 /* Storage */,
				820501BF2EEA321D004A19A3 /* Supabase */,
				823DB5B02EF807B2007D8784 /* RevenueCat */,
			);
			productName = Veloce;
			productReference = 8233E5842EE2514E00E8DB19 /* Veloce.app */;
			productType = "com.apple.product-type.application";
		};
		8233E5902EE2515400E8DB19 /* VeloceTests */ = {
			isa = PBXNativeTarget;
			buildConfigurationList = 8233E5A82EE2515400E8DB19 /* Build configuration list for PBXNativeTarget "VeloceTests" */;
			buildPhases = (
				8233E58D2EE2515400E8DB19 /* Sources */,
				8233E58E2EE2515400E8DB19 /* Frameworks */,
				8233E58F2EE2515400E8DB19 /* Resources */,
			);
			buildRules = (
			);
			dependencies = (
				8233E5932EE2515400E8DB19 /* PBXTargetDependency */,
			);
			fileSystemSynchronizedGroups = (
				8233E5942EE2515400E8DB19 /* VeloceTests */,
			);
			name = VeloceTests;
			packageProductDependencies = (
			);
			productName = VeloceTests;
			productReference = 8233E5912EE2515400E8DB19 /* VeloceTests.xctest */;
			productType = "com.apple.product-type.bundle.unit-test";
		};
		8233E59A2EE2515400E8DB19 /* VeloceUITests */ = {
			isa = PBXNativeTarget;
			buildConfigurationList = 8233E5AB2EE2515400E8DB19 /* Build configuration list for PBXNativeTarget "VeloceUITests" */;
			buildPhases = (
				8233E5972EE2515400E8DB19 /* Sources */,
				8233E5982EE2515400E8DB19 /* Frameworks */,
				8233E5992EE2515400E8DB19 /* Resources */,
			);
			buildRules = (
			);
			dependencies = (
				8233E59D2EE2515400E8DB19 /* PBXTargetDependency */,
			);
			fileSystemSynchronizedGroups = (
				8233E59E2EE2515400E8DB19 /* VeloceUITests */,
			);
			name = VeloceUITests;
			packageProductDependencies = (
			);
			productName = VeloceUITests;
			productReference = 8233E59B2EE2515400E8DB19 /* VeloceUITests.xctest */;
			productType = "com.apple.product-type.bundle.ui-testing";
		};
/* End PBXNativeTarget section */

/* Begin PBXProject section */
		8233E57C2EE2514E00E8DB19 /* Project object */ = {
			isa = PBXProject;
			attributes = {
				BuildIndependentTargetsInParallel = 1;
				LastSwiftUpdateCheck = 2610;
				LastUpgradeCheck = 2610;
				TargetAttributes = {
					8233E5832EE2514E00E8DB19 = {
						CreatedOnToolsVersion = 26.1.1;
					};
					8233E5902EE2515400E8DB19 = {
						CreatedOnToolsVersion = 26.1.1;
						TestTargetID = 8233E5832EE2514E00E8DB19;
					};
					8233E59A2EE2515400E8DB19 = {
						CreatedOnToolsVersion = 26.1.1;
						TestTargetID = 8233E5832EE2514E00E8DB19;
					};
				};
			};
			buildConfigurationList = 8233E57F2EE2514E00E8DB19 /* Build configuration list for PBXProject "Veloce" */;
			developmentRegion = en;
			hasScannedForEncodings = 0;
			knownRegions = (
				en,
				Base,
			);
			mainGroup = 8233E57B2EE2514E00E8DB19;
			minimizedProjectReferenceProxies = 1;
			packageReferences = (
				820501B42EEA321D004A19A3 /* XCRemoteSwiftPackageReference "supabase-swift" */,
				823DB5AF2EF807B2007D8784 /* XCRemoteSwiftPackageReference "purchases-ios-spm" */,
			);
			preferredProjectObjectVersion = 77;
			productRefGroup = 8233E5852EE2514E00E8DB19 /* Products */;
			projectDirPath = "";
			projectRoot = "";
			targets = (
				8233E5832EE2514E00E8DB19 /* Veloce */,
				8233E5902EE2515400E8DB19 /* VeloceTests */,
				8233E59A2EE2515400E8DB19 /* VeloceUITests */,
			);
		};
/* End PBXProject section */

/* Begin PBXResourcesBuildPhase section */
		8233E5822EE2514E00E8DB19 /* Resources */ = {
			isa = PBXResourcesBuildPhase;
			buildActionMask = 2147483647;
			files = (
			);
			runOnlyForDeploymentPostprocessing = 0;
		};
		8233E58F2EE2515400E8DB19 /* Resources */ = {
			isa = PBXResourcesBuildPhase;
			buildActionMask = 2147483647;
			files = (
			);
			runOnlyForDeploymentPostprocessing = 0;
		};
		8233E5992EE2515400E8DB19 /* Resources */ = {
			isa = PBXResourcesBuildPhase;
			buildActionMask = 2147483647;
			files = (
			);
			runOnlyForDeploymentPostprocessing = 0;
		};
/* End PBXResourcesBuildPhase section */

/* Begin PBXSourcesBuildPhase section */
		8233E5802EE2514E00E8DB19 /* Sources */ = {
			isa = PBXSourcesBuildPhase;
			buildActionMask = 2147483647;
			files = (
			);
			runOnlyForDeploymentPostprocessing = 0;
		};
		8233E58D2EE2515400E8DB19 /* Sources */ = {
			isa = PBXSourcesBuildPhase;
			buildActionMask = 2147483647;
			files = (
			);
			runOnlyForDeploymentPostprocessing = 0;
		};
		8233E5972EE2515400E8DB19 /* Sources */ = {
			isa = PBXSourcesBuildPhase;
			buildActionMask = 2147483647;
			files = (
			);
			runOnlyForDeploymentPostprocessing = 0;
		};
/* End PBXSourcesBuildPhase section */

/* Begin PBXTargetDependency section */
		8233E5932EE2515400E8DB19 /* PBXTargetDependency */ = {
			isa = PBXTargetDependency;
			target = 8233E5832EE2514E00E8DB19 /* Veloce */;
			targetProxy = 8233E5922EE2515400E8DB19 /* PBXContainerItemProxy */;
		};
		8233E59D2EE2515400E8DB19 /* PBXTargetDependency */ = {
			isa = PBXTargetDependency;
			target = 8233E5832EE2514E00E8DB19 /* Veloce */;
			targetProxy = 8233E59C2EE2515400E8DB19 /* PBXContainerItemProxy */;
		};
/* End PBXTargetDependency section */

/* Begin XCBuildConfiguration section */
		8233E5A32EE2515400E8DB19 /* Debug */ = {
			isa = XCBuildConfiguration;
			buildSettings = {
				ALWAYS_SEARCH_USER_PATHS = NO;
				ASSETCATALOG_COMPILER_GENERATE_SWIFT_ASSET_SYMBOL_EXTENSIONS = YES;
				CLANG_ANALYZER_NONNULL = YES;
				CLANG_ANALYZER_NUMBER_OBJECT_CONVERSION = YES_AGGRESSIVE;
				CLANG_CXX_LANGUAGE_STANDARD = "gnu++20";
				CLANG_ENABLE_MODULES = YES;
				CLANG_ENABLE_OBJC_ARC = YES;
				CLANG_ENABLE_OBJC_WEAK = YES;
				CLANG_WARN_BLOCK_CAPTURE_AUTORELEASING = YES;
				CLANG_WARN_BOOL_CONVERSION = YES;
				CLANG_WARN_COMMA = YES;
				CLANG_WARN_CONSTANT_CONVERSION = YES;
				CLANG_WARN_DEPRECATED_OBJC_IMPLEMENTATIONS = YES;
				CLANG_WARN_DIRECT_OBJC_ISA_USAGE = YES_ERROR;
				CLANG_WARN_DOCUMENTATION_COMMENTS = YES;
				CLANG_WARN_EMPTY_BODY = YES;
				CLANG_WARN_ENUM_CONVERSION = YES;
				CLANG_WARN_INFINITE_RECURSION = YES;
				CLANG_WARN_INT_CONVERSION = YES;
				CLANG_WARN_NON_LITERAL_NULL_CONVERSION = YES;
				CLANG_WARN_OBJC_IMPLICIT_RETAIN_SELF = YES;
				CLANG_WARN_OBJC_LITERAL_CONVERSION = YES;
				CLANG_WARN_OBJC_ROOT_CLASS = YES_ERROR;
				CLANG_WARN_QUOTED_INCLUDE_IN_FRAMEWORK_HEADER = YES;
				CLANG_WARN_RANGE_LOOP_ANALYSIS = YES;
				CLANG_WARN_STRICT_PROTOTYPES = YES;
				CLANG_WARN_SUSPICIOUS_MOVE = YES;
				CLANG_WARN_UNGUARDED_AVAILABILITY = YES_AGGRESSIVE;
				CLANG_WARN_UNREACHABLE_CODE = YES;
				CLANG_WARN__DUPLICATE_METHOD_MATCH = YES;
				COPY_PHASE_STRIP = NO;
				DEBUG_INFORMATION_FORMAT = dwarf;
				DEVELOPMENT_TEAM = 32P9K3C49X;
				ENABLE_STRICT_OBJC_MSGSEND = YES;
				ENABLE_TESTABILITY = YES;
				ENABLE_USER_SCRIPT_SANDBOXING = YES;
				GCC_C_LANGUAGE_STANDARD = gnu17;
				GCC_DYNAMIC_NO_PIC = NO;
				GCC_NO_COMMON_BLOCKS = YES;
				GCC_OPTIMIZATION_LEVEL = 0;
				GCC_PREPROCESSOR_DEFINITIONS = (
					"DEBUG=1",
					"$(inherited)",
				);
				GCC_WARN_64_TO_32_BIT_CONVERSION = YES;
				GCC_WARN_ABOUT_RETURN_TYPE = YES_ERROR;
				GCC_WARN_UNDECLARED_SELECTOR = YES;
				GCC_WARN_UNINITIALIZED_AUTOS = YES_AGGRESSIVE;
				GCC_WARN_UNUSED_FUNCTION = YES;
				GCC_WARN_UNUSED_VARIABLE = YES;
				IPHONEOS_DEPLOYMENT_TARGET = 26.0;
				LOCALIZATION_PREFERS_STRING_CATALOGS = YES;
				MTL_ENABLE_DEBUG_INFO = INCLUDE_SOURCE;
				MTL_FAST_MATH = YES;
				ONLY_ACTIVE_ARCH = YES;
				SDKROOT = iphoneos;
				SWIFT_ACTIVE_COMPILATION_CONDITIONS = "DEBUG $(inherited)";
				SWIFT_OPTIMIZATION_LEVEL = "-Onone";
			};
			name = Debug;
		};
		8233E5A42EE2515400E8DB19 /* Release */ = {
			isa = XCBuildConfiguration;
			buildSettings = {
				ALWAYS_SEARCH_USER_PATHS = NO;
				ASSETCATALOG_COMPILER_GENERATE_SWIFT_ASSET_SYMBOL_EXTENSIONS = YES;
				CLANG_ANALYZER_NONNULL = YES;
				CLANG_ANALYZER_NUMBER_OBJECT_CONVERSION = YES_AGGRESSIVE;
				CLANG_CXX_LANGUAGE_STANDARD = "gnu++20";
				CLANG_ENABLE_MODULES = YES;
				CLANG_ENABLE_OBJC_ARC = YES;
				CLANG_ENABLE_OBJC_WEAK = YES;
				CLANG_WARN_BLOCK_CAPTURE_AUTORELEASING = YES;
				CLANG_WARN_BOOL_CONVERSION = YES;
				CLANG_WARN_COMMA = YES;
				CLANG_WARN_CONSTANT_CONVERSION = YES;
				CLANG_WARN_DEPRECATED_OBJC_IMPLEMENTATIONS = YES;
				CLANG_WARN_DIRECT_OBJC_ISA_USAGE = YES_ERROR;
				CLANG_WARN_DOCUMENTATION_COMMENTS = YES;
				CLANG_WARN_EMPTY_BODY = YES;
				CLANG_WARN_ENUM_CONVERSION = YES;
				CLANG_WARN_INFINITE_RECURSION = YES;
				CLANG_WARN_INT_CONVERSION = YES;
				CLANG_WARN_NON_LITERAL_NULL_CONVERSION = YES;
				CLANG_WARN_OBJC_IMPLICIT_RETAIN_SELF = YES;
				CLANG_WARN_OBJC_LITERAL_CONVERSION = YES;
				CLANG_WARN_OBJC_ROOT_CLASS = YES_ERROR;
				CLANG_WARN_QUOTED_INCLUDE_IN_FRAMEWORK_HEADER = YES;
				CLANG_WARN_RANGE_LOOP_ANALYSIS = YES;
				CLANG_WARN_STRICT_PROTOTYPES = YES;
				CLANG_WARN_SUSPICIOUS_MOVE = YES;
				CLANG_WARN_UNGUARDED_AVAILABILITY = YES_AGGRESSIVE;
				CLANG_WARN_UNREACHABLE_CODE = YES;
				CLANG_WARN__DUPLICATE_METHOD_MATCH = YES;
				COPY_PHASE_STRIP = NO;
				DEBUG_INFORMATION_FORMAT = "dwarf-with-dsym";
				DEVELOPMENT_TEAM = 32P9K3C49X;
				ENABLE_NS_ASSERTIONS = NO;
				ENABLE_STRICT_OBJC_MSGSEND = YES;
				ENABLE_USER_SCRIPT_SANDBOXING = YES;
				GCC_C_LANGUAGE_STANDARD = gnu17;
				GCC_NO_COMMON_BLOCKS = YES;
				GCC_WARN_64_TO_32_BIT_CONVERSION = YES;
				GCC_WARN_ABOUT_RETURN_TYPE = YES_ERROR;
				GCC_WARN_UNDECLARED_SELECTOR = YES;
				GCC_WARN_UNINITIALIZED_AUTOS = YES_AGGRESSIVE;
				GCC_WARN_UNUSED_FUNCTION = YES;
				GCC_WARN_UNUSED_VARIABLE = YES;
				IPHONEOS_DEPLOYMENT_TARGET = 26.0;
				LOCALIZATION_PREFERS_STRING_CATALOGS = YES;
				MTL_ENABLE_DEBUG_INFO = NO;
				MTL_FAST_MATH = YES;
				SDKROOT = iphoneos;
				SWIFT_COMPILATION_MODE = wholemodule;
				VALIDATE_PRODUCT = YES;
			};
			name = Release;
		};
		8233E5A62EE2515400E8DB19 /* Debug */ = {
			isa = XCBuildConfiguration;
			buildSettings = {
				ASSETCATALOG_COMPILER_APPICON_NAME = AppIcon;
				ASSETCATALOG_COMPILER_GLOBAL_ACCENT_COLOR_NAME = AccentColor;
				ASSETCATALOG_COMPILER_INCLUDE_ALL_APPICON_ASSETS = YES;
				CODE_SIGN_STYLE = Automatic;
				CURRENT_PROJECT_VERSION = 16;
				DEVELOPMENT_TEAM = 32P9K3C49X;
				ENABLE_PREVIEWS = YES;
				GENERATE_INFOPLIST_FILE = YES;
				INFOPLIST_KEY_CFBundleDisplayName = MyTasksAI;
				INFOPLIST_KEY_LSApplicationCategoryType = "public.app-category.productivity";
				INFOPLIST_KEY_NSCalendarsUsageDescription = "This app uses your calendar to sync tasks and create scheduled events for better time management.";
				INFOPLIST_KEY_UIApplicationSceneManifest_Generation = YES;
				INFOPLIST_KEY_UIApplicationSupportsIndirectInputEvents = YES;
				INFOPLIST_KEY_UILaunchScreen_Generation = YES;
				INFOPLIST_KEY_UISupportedInterfaceOrientations_iPad = "UIInterfaceOrientationPortrait UIInterfaceOrientationPortraitUpsideDown UIInterfaceOrientationLandscapeLeft UIInterfaceOrientationLandscapeRight";
				INFOPLIST_KEY_UISupportedInterfaceOrientations_iPhone = "UIInterfaceOrientationPortrait UIInterfaceOrientationLandscapeLeft UIInterfaceOrientationLandscapeRight";
				IPHONEOS_DEPLOYMENT_TARGET = 26.0;
				LD_RUNPATH_SEARCH_PATHS = (
					"$(inherited)",
					"@executable_path/Frameworks",
				);
				MARKETING_VERSION = 16;
				PRODUCT_BUNDLE_IDENTIFIER = app.TheHangout.Veloce;
				PRODUCT_NAME = "$(TARGET_NAME)";
				STRING_CATALOG_GENERATE_SYMBOLS = YES;
				SWIFT_APPROACHABLE_CONCURRENCY = YES;
				SWIFT_DEFAULT_ACTOR_ISOLATION = MainActor;
				SWIFT_EMIT_LOC_STRINGS = YES;
				SWIFT_UPCOMING_FEATURE_MEMBER_IMPORT_VISIBILITY = YES;
				SWIFT_VERSION = 5.0;
				TARGETED_DEVICE_FAMILY = "1,2";
			};
			name = Debug;
		};
		8233E5A72EE2515400E8DB19 /* Release */ = {
			isa = XCBuildConfiguration;
			buildSettings = {
				ASSETCATALOG_COMPILER_APPICON_NAME = AppIcon;
				ASSETCATALOG_COMPILER_GLOBAL_ACCENT_COLOR_NAME = AccentColor;
				ASSETCATALOG_COMPILER_INCLUDE_ALL_APPICON_ASSETS = YES;
				CODE_SIGN_STYLE = Automatic;
				CURRENT_PROJECT_VERSION = 16;
				DEVELOPMENT_TEAM = 32P9K3C49X;
				ENABLE_PREVIEWS = YES;
				GENERATE_INFOPLIST_FILE = YES;
				INFOPLIST_KEY_CFBundleDisplayName = MyTasksAI;
				INFOPLIST_KEY_LSApplicationCategoryType = "public.app-category.productivity";
				INFOPLIST_KEY_NSCalendarsUsageDescription = "This app uses your calendar to sync tasks and create scheduled events for better time management.";
				INFOPLIST_KEY_UIApplicationSceneManifest_Generation = YES;
				INFOPLIST_KEY_UIApplicationSupportsIndirectInputEvents = YES;
				INFOPLIST_KEY_UILaunchScreen_Generation = YES;
				INFOPLIST_KEY_UISupportedInterfaceOrientations_iPad = "UIInterfaceOrientationPortrait UIInterfaceOrientationPortraitUpsideDown UIInterfaceOrientationLandscapeLeft UIInterfaceOrientationLandscapeRight";
				INFOPLIST_KEY_UISupportedInterfaceOrientations_iPhone = "UIInterfaceOrientationPortrait UIInterfaceOrientationLandscapeLeft UIInterfaceOrientationLandscapeRight";
				IPHONEOS_DEPLOYMENT_TARGET = 26.0;
				LD_RUNPATH_SEARCH_PATHS = (
					"$(inherited)",
					"@executable_path/Frameworks",
				);
				MARKETING_VERSION = 16;
				PRODUCT_BUNDLE_IDENTIFIER = app.TheHangout.Veloce;
				PRODUCT_NAME = "$(TARGET_NAME)";
				STRING_CATALOG_GENERATE_SYMBOLS = YES;
				SWIFT_APPROACHABLE_CONCURRENCY = YES;
				SWIFT_DEFAULT_ACTOR_ISOLATION = MainActor;
				SWIFT_EMIT_LOC_STRINGS = YES;
				SWIFT_UPCOMING_FEATURE_MEMBER_IMPORT_VISIBILITY = YES;
				SWIFT_VERSION = 5.0;
				TARGETED_DEVICE_FAMILY = "1,2";
			};
			name = Release;
		};
		8233E5A92EE2515400E8DB19 /* Debug */ = {
			isa = XCBuildConfiguration;
			buildSettings = {
				BUNDLE_LOADER = "$(TEST_HOST)";
				CODE_SIGN_STYLE = Automatic;
				CURRENT_PROJECT_VERSION = 1;
				DEVELOPMENT_TEAM = 32P9K3C49X;
				GENERATE_INFOPLIST_FILE = YES;
				IPHONEOS_DEPLOYMENT_TARGET = 26.0;
				MARKETING_VERSION = 1.0;
				PRODUCT_BUNDLE_IDENTIFIER = app.TheHangout.VeloceTests;
				PRODUCT_NAME = "$(TARGET_NAME)";
				STRING_CATALOG_GENERATE_SYMBOLS = NO;
				SWIFT_APPROACHABLE_CONCURRENCY = YES;
				SWIFT_EMIT_LOC_STRINGS = NO;
				SWIFT_UPCOMING_FEATURE_MEMBER_IMPORT_VISIBILITY = YES;
				SWIFT_VERSION = 5.0;
				TARGETED_DEVICE_FAMILY = "1,2";
				TEST_HOST = "$(BUILT_PRODUCTS_DIR)/Veloce.app/$(BUNDLE_EXECUTABLE_FOLDER_PATH)/Veloce";
			};
			name = Debug;
		};
		8233E5AA2EE2515400E8DB19 /* Release */ = {
			isa = XCBuildConfiguration;
			buildSettings = {
				BUNDLE_LOADER = "$(TEST_HOST)";
				CODE_SIGN_STYLE = Automatic;
				CURRENT_PROJECT_VERSION = 1;
				DEVELOPMENT_TEAM = 32P9K3C49X;
				GENERATE_INFOPLIST_FILE = YES;
				IPHONEOS_DEPLOYMENT_TARGET = 26.0;
				MARKETING_VERSION = 1.0;
				PRODUCT_BUNDLE_IDENTIFIER = app.TheHangout.VeloceTests;
				PRODUCT_NAME = "$(TARGET_NAME)";
				STRING_CATALOG_GENERATE_SYMBOLS = NO;
				SWIFT_APPROACHABLE_CONCURRENCY = YES;
				SWIFT_EMIT_LOC_STRINGS = NO;
				SWIFT_UPCOMING_FEATURE_MEMBER_IMPORT_VISIBILITY = YES;
				SWIFT_VERSION = 5.0;
				TARGETED_DEVICE_FAMILY = "1,2";
				TEST_HOST = "$(BUILT_PRODUCTS_DIR)/Veloce.app/$(BUNDLE_EXECUTABLE_FOLDER_PATH)/Veloce";
			};
			name = Release;
		};
		8233E5AC2EE2515400E8DB19 /* Debug */ = {
			isa = XCBuildConfiguration;
			buildSettings = {
				CODE_SIGN_STYLE = Automatic;
				CURRENT_PROJECT_VERSION = 1;
				DEVELOPMENT_TEAM = 32P9K3C49X;
				GENERATE_INFOPLIST_FILE = YES;
				MARKETING_VERSION = 1.0;
				PRODUCT_BUNDLE_IDENTIFIER = app.TheHangout.VeloceUITests;
				PRODUCT_NAME = "$(TARGET_NAME)";
				STRING_CATALOG_GENERATE_SYMBOLS = NO;
				SWIFT_APPROACHABLE_CONCURRENCY = YES;
				SWIFT_EMIT_LOC_STRINGS = NO;
				SWIFT_UPCOMING_FEATURE_MEMBER_IMPORT_VISIBILITY = YES;
				SWIFT_VERSION = 5.0;
				TARGETED_DEVICE_FAMILY = "1,2";
				TEST_TARGET_NAME = Veloce;
			};
			name = Debug;
		};
		8233E5AD2EE2515400E8DB19 /* Release */ = {
			isa = XCBuildConfiguration;
			buildSettings = {
				CODE_SIGN_STYLE = Automatic;
				CURRENT_PROJECT_VERSION = 1;
				DEVELOPMENT_TEAM = 32P9K3C49X;
				GENERATE_INFOPLIST_FILE = YES;
				MARKETING_VERSION = 1.0;
				PRODUCT_BUNDLE_IDENTIFIER = app.TheHangout.VeloceUITests;
				PRODUCT_NAME = "$(TARGET_NAME)";
				STRING_CATALOG_GENERATE_SYMBOLS = NO;
				SWIFT_APPROACHABLE_CONCURRENCY = YES;
				SWIFT_EMIT_LOC_STRINGS = NO;
				SWIFT_UPCOMING_FEATURE_MEMBER_IMPORT_VISIBILITY = YES;
				SWIFT_VERSION = 5.0;
				TARGETED_DEVICE_FAMILY = "1,2";
				TEST_TARGET_NAME = Veloce;
			};
			name = Release;
		};
/* End XCBuildConfiguration section */

/* Begin XCConfigurationList section */
		8233E57F2EE2514E00E8DB19 /* Build configuration list for PBXProject "Veloce" */ = {
			isa = XCConfigurationList;
			buildConfigurations = (
				8233E5A32EE2515400E8DB19 /* Debug */,
				8233E5A42EE2515400E8DB19 /* Release */,
			);
			defaultConfigurationIsVisible = 0;
			defaultConfigurationName = Release;
		};
		8233E5A52EE2515400E8DB19 /* Build configuration list for PBXNativeTarget "Veloce" */ = {
			isa = XCConfigurationList;
			buildConfigurations = (
				8233E5A62EE2515400E8DB19 /* Debug */,
				8233E5A72EE2515400E8DB19 /* Release */,
			);
			defaultConfigurationIsVisible = 0;
			defaultConfigurationName = Release;
		};
		8233E5A82EE2515400E8DB19 /* Build configuration list for PBXNativeTarget "VeloceTests" */ = {
			isa = XCConfigurationList;
			buildConfigurations = (
				8233E5A92EE2515400E8DB19 /* Debug */,
				8233E5AA2EE2515400E8DB19 /* Release */,
			);
			defaultConfigurationIsVisible = 0;
			defaultConfigurationName = Release;
		};
		8233E5AB2EE2515400E8DB19 /* Build configuration list for PBXNativeTarget "VeloceUITests" */ = {
			isa = XCConfigurationList;
			buildConfigurations = (
				8233E5AC2EE2515400E8DB19 /* Debug */,
				8233E5AD2EE2515400E8DB19 /* Release */,
			);
			defaultConfigurationIsVisible = 0;
			defaultConfigurationName = Release;
		};
/* End XCConfigurationList section */

/* Begin XCRemoteSwiftPackageReference section */
		820501B42EEA321D004A19A3 /* XCRemoteSwiftPackageReference "supabase-swift" */ = {
			isa = XCRemoteSwiftPackageReference;
			repositoryURL = "https://github.com/supabase-community/supabase-swift.git";
			requirement = {
				kind = upToNextMajorVersion;
				minimumVersion = 2.5.1;
			};
		};
		823DB5AF2EF807B2007D8784 /* XCRemoteSwiftPackageReference "purchases-ios-spm" */ = {
			isa = XCRemoteSwiftPackageReference;
			repositoryURL = "https://github.com/RevenueCat/purchases-ios-spm.git";
			requirement = {
				kind = upToNextMajorVersion;
				minimumVersion = 5.51.0;
			};
		};
/* End XCRemoteSwiftPackageReference section */

/* Begin XCSwiftPackageProductDependency section */
		820501B52EEA321D004A19A3 /* Auth */ = {
			isa = XCSwiftPackageProductDependency;
			package = 820501B42EEA321D004A19A3 /* XCRemoteSwiftPackageReference "supabase-swift" */;
			productName = Auth;
		};
		820501B72EEA321D004A19A3 /* Functions */ = {
			isa = XCSwiftPackageProductDependency;
			package = 820501B42EEA321D004A19A3 /* XCRemoteSwiftPackageReference "supabase-swift" */;
			productName = Functions;
		};
		820501B92EEA321D004A19A3 /* PostgREST */ = {
			isa = XCSwiftPackageProductDependency;
			package = 820501B42EEA321D004A19A3 /* XCRemoteSwiftPackageReference "supabase-swift" */;
			productName = PostgREST;
		};
		820501BB2EEA321D004A19A3 /* Realtime */ = {
			isa = XCSwiftPackageProductDependency;
			package = 820501B42EEA321D004A19A3 /* XCRemoteSwiftPackageReference "supabase-swift" */;
			productName = Realtime;
		};
		820501BD2EEA321D004A19A3 /* Storage */ = {
			isa = XCSwiftPackageProductDependency;
			package = 820501B42EEA321D004A19A3 /* XCRemoteSwiftPackageReference "supabase-swift" */;
			productName = Storage;
		};
		820501BF2EEA321D004A19A3 /* Supabase */ = {
			isa = XCSwiftPackageProductDependency;
			package = 820501B42EEA321D004A19A3 /* XCRemoteSwiftPackageReference "supabase-swift" */;
			productName = Supabase;
		};
		823DB5B02EF807B2007D8784 /* RevenueCat */ = {
			isa = XCSwiftPackageProductDependency;
			package = 823DB5AF2EF807B2007D8784 /* XCRemoteSwiftPackageReference "purchases-ios-spm" */;
			productName = RevenueCat;
		};
/* End XCSwiftPackageProductDependency section */
	};
	rootObject = 8233E57C2EE2514E00E8DB19 /* Project object */;
}
